
Microsoft Visual Studio Solution File, Format Version 12.00
# Visual Studio Version 17
VisualStudioVersion = 17.4.33122.133
MinimumVisualStudioVersion = 10.0.40219.1
Project("{9A19103F-16F7-4668-BE54-9A1E7A4F7556}") = "DesafioPOO", "DesafioPOO.csproj", "{F4C1A7B1-5AED-46D6-80D1-00E272131C05}"
EndProject
Global
	GlobalSection(SolutionConfigurationPlatforms) = preSolution
		Debug|Any CPU = Debug|Any CPU
		Release|Any CPU = Release|Any CPU
	EndGlobalSection
	GlobalSection(ProjectConfigurationPlatforms) = postSolution
		{F4C1A7B1-5AED-46D6-80D1-00E272131C05}.Debug|Any CPU.ActiveCfg = Debug|Any CPU
		{F4C1A7B1-5AED-46D6-80D1-00E272131C05}.Debug|Any CPU.Build.0 = Debug|Any CPU
		{F4C1A7B1-5AED-46D6-80D1-00E272131C05}.Release|Any CPU.ActiveCfg = Release|Any CPU
		{F4C1A7B1-5AED-46D6-80D1-00E272131C05}.Release|Any CPU.Build.0 = Release|Any CPU
	EndGlobalSection
	GlobalSection(SolutionProperties) = preSolution
		HideSolutionNode = FALSE
	EndGlobalSection
	GlobalSection(ExtensibilityGlobals) = postSolution
		SolutionGuid = {0CD0EA35-F91A-4065-92D4-EC0025BC3360}
	EndGlobalSection
EndGlobal
